version = 1
revision = 3
requires-python = ">=3.13"

[[package]]
name = "now-playing"
version = "0.1.0"
source = { editable = "." }
dependencies = [
    { name = "pyside6" },
    { name = "winrt-windows-foundation" },
    { name = "winrt-windows-foundation-collections" },
    { name = "winrt-windows-media" },
    { name = "winrt-windows-media-control" },
    { name = "winrt-windows-storage-streams" },
]

[package.metadata]
requires-dist = [
    { name = "pyside6", specifier = ">=6.10.0" },
    { name = "winrt-windows-foundation", specifier = ">=3.2.1" },
    { name = "winrt-windows-foundation-collections", specifier = ">=3.2.1" },
    { name = "winrt-windows-media", specifier = ">=3.2.1" },
    { name = "winrt-windows-media-control", specifier = ">=3.2.1" },
    { name = "winrt-windows-storage-streams", specifier = ">=3.2.1" },
]

[[package]]
name = "pyside6"
version = "6.10.0"
source = { registry = "https://pypi.org/simple" }
dependencies = [
    { name = "pyside6-addons" },
    { name = "pyside6-essentials" },
    { name = "shiboken6" },
]
wheels = [
    { url = "https://files.pythonhosted.org/packages/e6/98/84b16f78b5d92dd234fb1eb9890a350a5b0c83d985bb8c44a92f813a2d02/pyside6-6.10.0-cp39-abi3-macosx_13_0_universal2.whl", hash = "sha256:c2cbc5dc2a164e3c7c51b3435e24203e90e5edd518c865466afccbd2e5872bb0", size = 558115, upload-time = "2025-10-08T09:47:09.246Z" },
    { url = "https://files.pythonhosted.org/packages/4e/76/0961c8c5653ecb60a6881b649dcb6b71a6be5bd1c8d441ecc48ac7f50b1a/pyside6-6.10.0-cp39-abi3-manylinux_2_34_x86_64.whl", hash = "sha256:ae8c3c8339cd7c3c9faa7cc5c52670dcc8662ccf4b63a6fed61c6345b90c4c01", size = 557762, upload-time = "2025-10-08T09:47:11.819Z" },
    { url = "https://files.pythonhosted.org/packages/c8/73/6187502fff8b6599443d15c46dd900b2ded24be5aacb2becce33f6faf566/pyside6-6.10.0-cp39-abi3-manylinux_2_39_aarch64.whl", hash = "sha256:9f402f883e640048fab246d36e298a5e16df9b18ba2e8c519877e472d3602820", size = 558299, upload-time = "2025-10-08T09:47:14.255Z" },
    { url = "https://files.pythonhosted.org/packages/43/67/94794ebaf198bbdb35cb77f19f38370f9b323b036ab149874bc33c38faab/pyside6-6.10.0-cp39-abi3-win_amd64.whl", hash = "sha256:70a8bcc73ea8d6baab70bba311eac77b9a1d31f658d0b418e15eb6ea36c97e6f", size = 564367, upload-time = "2025-10-08T09:47:16.287Z" },
    { url = "https://files.pythonhosted.org/packages/1d/cc/552331d413c1b933d54ed45e33cc7ff29d0b239677975fe2528e7ac8bfbc/pyside6-6.10.0-cp39-abi3-win_arm64.whl", hash = "sha256:4b709bdeeb89d386059343a5a706fc185cee37b517bda44c7d6b64d5fdaf3339", size = 548826, upload-time = "2025-10-08T09:47:18.399Z" },
]

[[package]]
name = "pyside6-addons"
version = "6.10.0"
source = { registry = "https://pypi.org/simple" }
dependencies = [
    { name = "pyside6-essentials" },
    { name = "shiboken6" },
]
wheels = [
    { url = "https://files.pythonhosted.org/packages/47/23/9fbdec2ce16244ac3fe28e6d44c39c70465c93a03325939a792fd00fde7f/pyside6_addons-6.10.0-cp39-abi3-macosx_13_0_universal2.whl", hash = "sha256:88e61e21ee4643cdd9efb39ec52f4dc1ac74c0b45c5b7fa453d03c094f0a8a5c", size = 322248256, upload-time = "2025-10-08T09:47:37.844Z" },
    { url = "https://files.pythonhosted.org/packages/b7/b8/d129210f2c7366b4e1bf5bb6230be42052b29e8ba1b1d7db6ef333cf5a39/pyside6_addons-6.10.0-cp39-abi3-manylinux_2_34_x86_64.whl", hash = "sha256:08d4ed46c4c9a353a9eb84134678f8fdd4ce17fb8cce2b3686172a7575025464", size = 170238987, upload-time = "2025-10-08T09:47:51.446Z" },
    { url = "https://files.pythonhosted.org/packages/cf/ae/ede1edd009395092219f3437d2ee59f9ba93739c28c040542ed47c6cc831/pyside6_addons-6.10.0-cp39-abi3-manylinux_2_39_aarch64.whl", hash = "sha256:15d32229d681be0bba1b936c4a300da43d01e1917ada5b57f9e03a387c245ab0", size = 165939425, upload-time = "2025-10-08T09:48:02.073Z" },
    { url = "https://files.pythonhosted.org/packages/7d/5d/a3c32f85ac7f905c95679967c0ddda0ba043c273b75623cc90d8185064e4/pyside6_addons-6.10.0-cp39-abi3-win_amd64.whl", hash = "sha256:99d93a32c17c5f6d797c3b90dd58f2a8bae13abde81e85802c34ceafaee11859", size = 164814172, upload-time = "2025-10-08T09:48:12.891Z" },
    { url = "https://files.pythonhosted.org/packages/a3/2a/4ff71b09571202c8e1320c45276fc1d0cd81ee53107dfc17bb22d4243f88/pyside6_addons-6.10.0-cp39-abi3-win_arm64.whl", hash = "sha256:92536427413f3b6557cf53f1a515cd766725ee46a170aff57ad2ff1dfce0ffb1", size = 34104251, upload-time = "2025-10-08T09:48:18.287Z" },
]

[[package]]
name = "pyside6-essentials"
version = "6.10.0"
source = { registry = "https://pypi.org/simple" }
dependencies = [
    { name = "shiboken6" },
]
wheels = [
    { url = "https://files.pythonhosted.org/packages/e5/55/bad02ab890c8b8101abef0db4a2e5304be78a69e23a438e4d8555b664467/pyside6_essentials-6.10.0-cp39-abi3-macosx_13_0_universal2.whl", hash = "sha256:003e871effe1f3e5b876bde715c15a780d876682005a6e989d89f48b8b93e93a", size = 105034090, upload-time = "2025-10-08T09:48:24.944Z" },
    { url = "https://files.pythonhosted.org/packages/5c/75/e17efc7eb900993e0e3925885635c6cf373c817196f09bcbcc102b00ac94/pyside6_essentials-6.10.0-cp39-abi3-manylinux_2_34_x86_64.whl", hash = "sha256:1d5e013a8698e37ab8ef360e6960794eb5ef20832a8d562e649b8c5a0574b2d8", size = 76362150, upload-time = "2025-10-08T09:48:31.849Z" },
    { url = "https://files.pythonhosted.org/packages/06/62/fbd1e81caafcda97b147c03f5b06cfaadd8da5fa8298f527d2ec648fa5b7/pyside6_essentials-6.10.0-cp39-abi3-manylinux_2_39_aarch64.whl", hash = "sha256:b1dd0864f0577a448fb44426b91cafff7ee7cccd1782ba66491e1c668033f998", size = 75454169, upload-time = "2025-10-08T09:48:38.21Z" },
    { url = "https://files.pythonhosted.org/packages/bb/3a/d8211d17e6ca70f641c6ebd309f08ef18930acda60e74082c75875a274da/pyside6_essentials-6.10.0-cp39-abi3-win_amd64.whl", hash = "sha256:fc167eb211dd1580e20ba90d299e74898e7a5a1306d832421e879641fc03b6fe", size = 74361794, upload-time = "2025-10-08T09:48:44.335Z" },
    { url = "https://files.pythonhosted.org/packages/61/e9/0e22e3c10325c4ff09447fadb43f7962afb82cef0b65358f5704251c6b32/pyside6_essentials-6.10.0-cp39-abi3-win_arm64.whl", hash = "sha256:6dd0936394cb14da2fd8e869899f5e0925a738b1c8d74c2f22503720ea363fb1", size = 55099467, upload-time = "2025-10-08T09:48:50.902Z" },
]

[[package]]
name = "shiboken6"
version = "6.10.0"
source = { registry = "https://pypi.org/simple" }
wheels = [
    { url = "https://files.pythonhosted.org/packages/fd/78/3e730aea82089dd82b1e092bc265778bda329459e6ad9b7134eec5fff3f2/shiboken6-6.10.0-cp39-abi3-macosx_13_0_universal2.whl", hash = "sha256:7a5f5f400ebfb3a13616030815708289c2154e701a60b9db7833b843e0bee543", size = 476535, upload-time = "2025-10-08T09:49:08Z" },
    { url = "https://files.pythonhosted.org/packages/ea/09/4ffa3284a17b6b765d45b41c9a7f1b2cde6c617c853ac6f170fb62bbbece/shiboken6-6.10.0-cp39-abi3-manylinux_2_34_x86_64.whl", hash = "sha256:e612734da515d683696980107cdc0396a3ae0f07b059f0f422ec8a2333810234", size = 271098, upload-time = "2025-10-08T09:49:09.47Z" },
    { url = "https://files.pythonhosted.org/packages/31/29/00e26f33a0fb259c2edce9c761a7a438d7531ca514bdb1a4c072673bd437/shiboken6-6.10.0-cp39-abi3-manylinux_2_39_aarch64.whl", hash = "sha256:b01377e68d14132360efb0f4b7233006d26aa8ae9bb50edf00960c2a5f52d148", size = 267698, upload-time = "2025-10-08T09:49:10.694Z" },
    { url = "https://files.pythonhosted.org/packages/11/30/e4624a7e3f0dc9796b701079b77defcce0d32d1afc86bb1d0df04bc3d9e2/shiboken6-6.10.0-cp39-abi3-win_amd64.whl", hash = "sha256:0bc5631c1bf150cbef768a17f5f289aae1cb4db6c6b0c19b2421394e27783717", size = 1234227, upload-time = "2025-10-08T09:49:12.774Z" },
    { url = "https://files.pythonhosted.org/packages/dd/e5/0ab862005ea87dc8647ba958a3099b3b0115fd6491c65da5c5a0f6364db1/shiboken6-6.10.0-cp39-abi3-win_arm64.whl", hash = "sha256:dfc4beab5fec7dbbebbb418f3bf99af865d6953aa0795435563d4cbb82093b61", size = 1794775, upload-time = "2025-10-08T09:49:14.641Z" },
]

[[package]]
name = "typing-extensions"
version = "4.15.0"
source = { registry = "https://pypi.org/simple" }
sdist = { url = "https://files.pythonhosted.org/packages/72/94/1a15dd82efb362ac84269196e94cf00f187f7ed21c242792a923cdb1c61f/typing_extensions-4.15.0.tar.gz", hash = "sha256:0cea48d173cc12fa28ecabc3b837ea3cf6f38c6d1136f85cbaaf598984861466", size = 109391, upload-time = "2025-08-25T13:49:26.313Z" }
wheels = [
    { url = "https://files.pythonhosted.org/packages/18/67/36e9267722cc04a6b9f15c7f3441c2363321a3ea07da7ae0c0707beb2a9c/typing_extensions-4.15.0-py3-none-any.whl", hash = "sha256:f0fa19c6845758ab08074a0cfa8b7aecb71c999ca73d62883bc25cc018c4e548", size = 44614, upload-time = "2025-08-25T13:49:24.86Z" },
]

[[package]]
name = "winrt-runtime"
version = "3.2.1"
source = { registry = "https://pypi.org/simple" }
dependencies = [
    { name = "typing-extensions" },
]
sdist = { url = "https://files.pythonhosted.org/packages/16/dd/acdd527c1d890c8f852cc2af644aa6c160974e66631289420aa871b05e65/winrt_runtime-3.2.1.tar.gz", hash = "sha256:c8dca19e12b234ae6c3dadf1a4d0761b51e708457492c13beb666556958801ea", size = 21721, upload-time = "2025-06-06T14:40:27.593Z" }
wheels = [
    { url = "https://files.pythonhosted.org/packages/79/d4/1a555d8bdcb8b920f8e896232c82901cc0cda6d3e4f92842199ae7dff70a/winrt_runtime-3.2.1-cp313-cp313-win32.whl", hash = "sha256:44e2733bc709b76c554aee6c7fe079443b8306b2e661e82eecfebe8b9d71e4d1", size = 210022, upload-time = "2025-06-06T06:44:11.767Z" },
    { url = "https://files.pythonhosted.org/packages/aa/24/2b6e536ca7745d788dfd17a2ec376fa03a8c7116dc638bb39b035635484f/winrt_runtime-3.2.1-cp313-cp313-win_amd64.whl", hash = "sha256:3c1fdcaeedeb2920dc3b9039db64089a6093cad2be56a3e64acc938849245a6d", size = 241349, upload-time = "2025-06-06T06:44:12.661Z" },
    { url = "https://files.pythonhosted.org/packages/d4/7f/6d72973279e2929b2a71ed94198ad4a5d63ee2936e91a11860bf7b431410/winrt_runtime-3.2.1-cp313-cp313-win_arm64.whl", hash = "sha256:28f3dab083412625ff4d2b46e81246932e6bebddf67bea7f05e01712f54e6159", size = 415126, upload-time = "2025-06-06T06:44:13.702Z" },
    { url = "https://files.pythonhosted.org/packages/c8/87/88bd98419a9da77a68e030593fee41702925a7ad8a8aec366945258cbb31/winrt_runtime-3.2.1-cp314-cp314-win32.whl", hash = "sha256:9b6298375468ac2f6815d0c008a059fc16508c8f587e824c7936ed9216480dad", size = 210257, upload-time = "2025-09-20T07:06:41.054Z" },
    { url = "https://files.pythonhosted.org/packages/87/85/e5c2a10d287edd9d3ee8dc24bf7d7f335636b92bf47119768b7dd2fd1669/winrt_runtime-3.2.1-cp314-cp314-win_amd64.whl", hash = "sha256:e36e587ab5fd681ee472cd9a5995743f75107a1a84d749c64f7e490bc86bc814", size = 241873, upload-time = "2025-09-20T07:06:42.059Z" },
    { url = "https://files.pythonhosted.org/packages/52/2a/eb9e78397132175f70dd51dfa4f93e489c17d6b313ae9dce60369b8d84a7/winrt_runtime-3.2.1-cp314-cp314-win_arm64.whl", hash = "sha256:35d6241a2ebd5598e4788e69768b8890ee1eee401a819865767a1fbdd3e9a650", size = 416222, upload-time = "2025-09-20T07:06:43.376Z" },
]

[[package]]
name = "winrt-windows-foundation"
version = "3.2.1"
source = { registry = "https://pypi.org/simple" }
dependencies = [
    { name = "winrt-runtime" },
]
sdist = { url = "https://files.pythonhosted.org/packages/0c/55/098ce7ea0679efcc1298b269c48768f010b6c68f90c588f654ec874c8a74/winrt_windows_foundation-3.2.1.tar.gz", hash = "sha256:ad2f1fcaa6c34672df45527d7c533731fdf65b67c4638c2b4aca949f6eec0656", size = 30485, upload-time = "2025-06-06T14:41:53.344Z" }
wheels = [
    { url = "https://files.pythonhosted.org/packages/7b/71/5e87131e4aecc8546c76b9e190bfe4e1292d028bda3f9dd03b005d19c76c/winrt_windows_foundation-3.2.1-cp313-cp313-win32.whl", hash = "sha256:3998dc58ed50ecbdbabace1cdef3a12920b725e32a5806d648ad3f4829d5ba46", size = 112184, upload-time = "2025-06-06T07:11:04.459Z" },
    { url = "https://files.pythonhosted.org/packages/ba/7f/8d5108461351d4f6017f550af8874e90c14007f9122fa2eab9f9e0e9b4e1/winrt_windows_foundation-3.2.1-cp313-cp313-win_amd64.whl", hash = "sha256:6e98617c1e46665c7a56ce3f5d28e252798416d1ebfee3201267a644a4e3c479", size = 118672, upload-time = "2025-06-06T07:11:05.55Z" },
    { url = "https://files.pythonhosted.org/packages/44/f5/2edf70922a3d03500dab17121b90d368979bd30016f6dbca0d043f0c71f1/winrt_windows_foundation-3.2.1-cp313-cp313-win_arm64.whl", hash = "sha256:2a8c1204db5c352f6a563130a5a41d25b887aff7897bb677d4ff0b660315aad4", size = 109673, upload-time = "2025-06-06T07:11:06.398Z" },
    { url = "https://files.pythonhosted.org/packages/e3/0a/d77346e39fe0c81f718cde49f83fe77c368c0e14c6418f72dfa1e7ef22d0/winrt_windows_foundation-3.2.1-cp314-cp314-win32.whl", hash = "sha256:35e973ab3c77c2a943e139302256c040e017fd6ff1a75911c102964603bba1da", size = 114590, upload-time = "2025-09-20T07:11:49.97Z" },
    { url = "https://files.pythonhosted.org/packages/a1/56/4d2b545bea0f34f68df6d4d4ca22950ff8a935497811dccdc0ca58737a05/winrt_windows_foundation-3.2.1-cp314-cp314-win_amd64.whl", hash = "sha256:a22a7ebcec0d262e60119cff728f32962a02df60471ded8b2735a655eccc0ef5", size = 122148, upload-time = "2025-09-20T07:11:50.826Z" },
    { url = "https://files.pythonhosted.org/packages/ed/ed/b9d3a11cac73444c0a3703200161cd7267dab5ab85fd00e1f965526e74a8/winrt_windows_foundation-3.2.1-cp314-cp314-win_arm64.whl", hash = "sha256:3be7fbae829b98a6a946db4fbaf356b11db1fbcbb5d4f37e7a73ac6b25de8b87", size = 114360, upload-time = "2025-09-20T07:11:51.626Z" },
]

[[package]]
name = "winrt-windows-foundation-collections"
version = "3.2.1"
source = { registry = "https://pypi.org/simple" }
dependencies = [
    { name = "winrt-runtime" },
]
sdist = { url = "https://files.pythonhosted.org/packages/ef/62/d21e3f1eeb8d47077887bbf0c3882c49277a84d8f98f7c12bda64d498a07/winrt_windows_foundation_collections-3.2.1.tar.gz", hash = "sha256:0eff1ad0d8d763ad17e9e7bbd0c26a62b27215016393c05b09b046d6503ae6d5", size = 16043, upload-time = "2025-06-06T14:41:53.983Z" }
wheels = [
    { url = "https://files.pythonhosted.org/packages/a6/cd/99ef050d80bea2922fa1ded93e5c250732634095d8bd3595dd808083e5ca/winrt_windows_foundation_collections-3.2.1-cp313-cp313-win32.whl", hash = "sha256:4267a711b63476d36d39227883aeb3fb19ac92b88a9fc9973e66fbce1fd4aed9", size = 60063, upload-time = "2025-06-06T07:11:18.65Z" },
    { url = "https://files.pythonhosted.org/packages/94/93/4f75fd6a4c96f1e9bee198c5dc9a9b57e87a9c38117e1b5e423401886353/winrt_windows_foundation_collections-3.2.1-cp313-cp313-win_amd64.whl", hash = "sha256:5e12a6e75036ee90484c33e204b85fb6785fcc9e7c8066ad65097301f48cdd10", size = 69057, upload-time = "2025-06-06T07:11:19.446Z" },
    { url = "https://files.pythonhosted.org/packages/40/76/de47ccc390017ec5575e7e7fd9f659ee3747c52049cdb2969b1b538ce947/winrt_windows_foundation_collections-3.2.1-cp313-cp313-win_arm64.whl", hash = "sha256:34b556255562f1b36d07fba933c2bcd9f0db167fa96727a6cbb4717b152ad7a2", size = 58792, upload-time = "2025-06-06T07:11:20.24Z" },
    { url = "https://files.pythonhosted.org/packages/e1/47/b3301d964422d4611c181348149a7c5956a2a76e6339de451a000d4ae8e7/winrt_windows_foundation_collections-3.2.1-cp314-cp314-win32.whl", hash = "sha256:33188ed2d63e844c8adfbb82d1d3d461d64aaf78d225ce9c5930421b413c45ab", size = 62211, upload-time = "2025-09-20T07:11:52.411Z" },
    { url = "https://files.pythonhosted.org/packages/20/59/5f2c940ff606297129e93ebd6030c813e6a43a786de7fc33ccb268e0b06b/winrt_windows_foundation_collections-3.2.1-cp314-cp314-win_amd64.whl", hash = "sha256:d4cfece7e9c0ead2941e55a1da82f20d2b9c8003bb7a8853bb7f999b539f80a4", size = 70399, upload-time = "2025-09-20T07:11:53.254Z" },
    { url = "https://files.pythonhosted.org/packages/f8/2d/2c8eb89062c71d4be73d618457ed68e7e2ba29a660ac26349d44fc121cbf/winrt_windows_foundation_collections-3.2.1-cp314-cp314-win_arm64.whl", hash = "sha256:3884146fea13727510458f6a14040b7632d5d90127028b9bfd503c6c655d0c01", size = 61392, upload-time = "2025-09-20T07:11:53.993Z" },
]

[[package]]
name = "winrt-windows-media"
version = "3.2.1"
source = { registry = "https://pypi.org/simple" }
dependencies = [
    { name = "winrt-runtime" },
]
sdist = { url = "https://files.pythonhosted.org/packages/3a/ef/8d1c260ec951fe6ce0bafdcf24d490dffe1e05f4f2148cfc1c81dd78e3f5/winrt_windows_media-3.2.1.tar.gz", hash = "sha256:f833e1ef45c0ffbe60cb6a7d60af8cb925385fc600f86069d1eb9d784fd77f8b", size = 28856, upload-time = "2025-06-06T14:42:22.6Z" }
wheels = [
    { url = "https://files.pythonhosted.org/packages/b4/bb/4f2d0bffd56b3f8826e8c22bb66b4529d6e42d24d6c57d91f7dbe61b072d/winrt_windows_media-3.2.1-cp313-cp313-win32.whl", hash = "sha256:6f0438bcfcd66f6a07710e8ff49f60e5ce238fb2a1d90663b17a272de18a4a80", size = 130723, upload-time = "2025-06-06T07:20:45.046Z" },
    { url = "https://files.pythonhosted.org/packages/d6/95/735358415dd1c9dc9a17adfb59989c3c837a662606103e07468ad58a6f15/winrt_windows_media-3.2.1-cp313-cp313-win_amd64.whl", hash = "sha256:3903ecde3c46abfe1f0572f7a95d205550dea19f7f229186cb89eb309ba26d45", size = 144964, upload-time = "2025-06-06T07:20:46.164Z" },
    { url = "https://files.pythonhosted.org/packages/13/23/c81a5cc82cf81b2a09750481792712560d9a2597acaefb96a98ea8344bf9/winrt_windows_media-3.2.1-cp313-cp313-win_arm64.whl", hash = "sha256:6f8a9aeacd0b1d992fb96392458182a9e593728009a9c0d31e3c71e3e6593481", size = 132598, upload-time = "2025-06-06T07:20:47.415Z" },
    { url = "https://files.pythonhosted.org/packages/cf/e8/9ddd70875a1364f469591cba0f16163d198bf123dd899b1b1216322f27da/winrt_windows_media-3.2.1-cp314-cp314-win32.whl", hash = "sha256:a55ed7e3845e4ccd47cc1024ba091de7798f179d1167f3773c2a72c6db51331b", size = 134700, upload-time = "2025-09-20T07:13:40.785Z" },
    { url = "https://files.pythonhosted.org/packages/87/97/b5336b596c198d00e0c2ba0c8748768687e160c5b0e1ba7676265642cbba/winrt_windows_media-3.2.1-cp314-cp314-win_amd64.whl", hash = "sha256:9f6964429d4869f1606d2f836ed99e4a8bed8a1af8a94236af902acd34ea292b", size = 148863, upload-time = "2025-09-20T07:13:41.61Z" },
    { url = "https://files.pythonhosted.org/packages/4d/37/ecd1b4a8db7b69f6f34ad06a172ac80104ef1661639faff90d2c30a49ed2/winrt_windows_media-3.2.1-cp314-cp314-win_arm64.whl", hash = "sha256:2e0374dbf08304324cf75c55206b7904b63b806b681f3ca9e9105d05e8cd7a57", size = 139562, upload-time = "2025-09-20T07:13:42.395Z" },
]

[[package]]
name = "winrt-windows-media-control"
version = "3.2.1"
source = { registry = "https://pypi.org/simple" }
dependencies = [
    { name = "winrt-runtime" },
]
sdist = { url = "https://files.pythonhosted.org/packages/64/fa/a62696c2a22fc7ff11118bec919a2d7378130b5f7d466526d4dd70538ac6/winrt_windows_media_control-3.2.1.tar.gz", hash = "sha256:876b2f2aedda8fd3de4ef3235eb9431338530f66d42c457b42ab9fdcdaa11c66", size = 12150, upload-time = "2025-06-06T14:42:29.571Z" }
wheels = [
    { url = "https://files.pythonhosted.org/packages/4f/d0/b9e980e123b3afd6b059ba8380f53fc8ee69c6aa02eff21d0b2e15d79145/winrt_windows_media_control-3.2.1-cp313-cp313-win32.whl", hash = "sha256:6fef19bed06255fefcfefbbcd1d09d029dca1a57dc8148615ab7f0df1d921931", size = 61318, upload-time = "2025-06-06T07:23:00.369Z" },
    { url = "https://files.pythonhosted.org/packages/8c/b2/7bfff1d9f1de821495ee4632386421eb44e65d584fcbcd5d74238c21e79c/winrt_windows_media_control-3.2.1-cp313-cp313-win_amd64.whl", hash = "sha256:a586af02d1684fda70cdc3fef8fd74c6db50522454077bad7317295d1a87b82d", size = 63956, upload-time = "2025-06-06T07:23:01.155Z" },
    { url = "https://files.pythonhosted.org/packages/19/aa/f3c2a77472f8d918a7a84a67dd84c722e7c171bf598a824cd78f0cd33881/winrt_windows_media_control-3.2.1-cp313-cp313-win_arm64.whl", hash = "sha256:285ec765a0efec5ca4832c006618ab406dbbdeb5eb59d0aaba637cc615e70e67", size = 59638, upload-time = "2025-06-06T07:23:01.971Z" },
    { url = "https://files.pythonhosted.org/packages/3a/09/f64ede86d252bc12de7d2834379fab041c1b123ba901803642a0fe919822/winrt_windows_media_control-3.2.1-cp314-cp314-win32.whl", hash = "sha256:30a39010291134d83883dbdd3c4d4261c0525d62e95598214ea583944b71a52d", size = 63587, upload-time = "2025-09-20T07:14:07.967Z" },
    { url = "https://files.pythonhosted.org/packages/bb/0b/8f8155e3d5d9f318a6e1b15d42577c7bfb81bc7f3c67fa954f93ed98705c/winrt_windows_media_control-3.2.1-cp314-cp314-win_amd64.whl", hash = "sha256:95db34dfbd90c75a437a4a7aa5ab0a9deb3d9c64221cb920be9641b64b3c95a3", size = 65937, upload-time = "2025-09-20T07:14:08.754Z" },
    { url = "https://files.pythonhosted.org/packages/6e/91/57ae291b8fb68f79723357a8f57ac592d04316234cda4caedee1faaea33a/winrt_windows_media_control-3.2.1-cp314-cp314-win_arm64.whl", hash = "sha256:5be9874ccf4c98d82b11211239312014f67633546cd8f7f215015ff3596127c6", size = 62301, upload-time = "2025-09-20T07:14:09.507Z" },
]

[[package]]
name = "winrt-windows-storage-streams"
version = "3.2.1"
source = { registry = "https://pypi.org/simple" }
dependencies = [
    { name = "winrt-runtime" },
]
sdist = { url = "https://files.pythonhosted.org/packages/00/50/f4488b07281566e3850fcae1021f0285c9653992f60a915e15567047db63/winrt_windows_storage_streams-3.2.1.tar.gz", hash = "sha256:476f522722751eb0b571bc7802d85a82a3cae8b1cce66061e6e758f525e7b80f", size = 34335, upload-time = "2025-06-06T14:43:23.905Z" }
wheels = [
    { url = "https://files.pythonhosted.org/packages/d9/d2/24d9f59bdc05e741261d5bec3bcea9a848d57714126a263df840e2b515a8/winrt_windows_storage_streams-3.2.1-cp313-cp313-win32.whl", hash = "sha256:401bb44371720dc43bd1e78662615a2124372e7d5d9d65dfa8f77877bbcb8163", size = 127774, upload-time = "2025-06-06T14:02:04.752Z" },
    { url = "https://files.pythonhosted.org/packages/15/59/601724453b885265c7779d5f8025b043a68447cbc64ceb9149d674d5b724/winrt_windows_storage_streams-3.2.1-cp313-cp313-win_amd64.whl", hash = "sha256:202c5875606398b8bfaa2a290831458bb55f2196a39c1d4e5fa88a03d65ef915", size = 131827, upload-time = "2025-06-06T14:02:05.601Z" },
    { url = "https://files.pythonhosted.org/packages/fb/c2/a419675a6087c9ea496968c9b7805ef234afa585b7483e2269608a12b044/winrt_windows_storage_streams-3.2.1-cp313-cp313-win_arm64.whl", hash = "sha256:ca3c5ec0aab60895006bf61053a1aca6418bc7f9a27a34791ba3443b789d230d", size = 128180, upload-time = "2025-06-06T14:02:06.759Z" },
    { url = "https://files.pythonhosted.org/packages/55/70/2869ea2112c565caace73c9301afd1d7afcc49bdd37fac058f0178ba95d4/winrt_windows_storage_streams-3.2.1-cp314-cp314-win32.whl", hash = "sha256:5cd0dbad86fcc860366f6515fce97177b7eaa7069da261057be4813819ba37ee", size = 131701, upload-time = "2025-09-20T07:17:16.849Z" },
    { url = "https://files.pythonhosted.org/packages/f4/3d/aae50b1d0e37b5a61055759aedd42c6c99d7c17ab8c3e568ab33c0288938/winrt_windows_storage_streams-3.2.1-cp314-cp314-win_amd64.whl", hash = "sha256:3c5bf41d725369b9986e6d64bad7079372b95c329897d684f955d7028c7f27a0", size = 135566, upload-time = "2025-09-20T07:17:17.69Z" },
    { url = "https://files.pythonhosted.org/packages/bb/c3/6d3ce7a58e6c828e0795c9db8790d0593dd7fdf296e513c999150deb98d4/winrt_windows_storage_streams-3.2.1-cp314-cp314-win_arm64.whl", hash = "sha256:293e09825559d0929bbe5de01e1e115f7a6283d8996ab55652e5af365f032987", size = 134393, upload-time = "2025-09-20T07:17:18.802Z" },
]
